
Microsoft Visual Studio Solution File, Format Version 12.00
# Visual Studio Version 16
VisualStudioVersion = 16.0.29613.14
MinimumVisualStudioVersion = 10.0.40219.1
Project("{2150E333-8FDC-42A3-9474-1A3956D46DE8}") = "Hosts", "Hosts", "{9C81CC31-92BD-4D34-AB72-FB6A0DA8E56B}"
EndProject
Project("{2150E333-8FDC-42A3-9474-1A3956D46DE8}") = "Common", "Common", "{CF08738B-38DF-4720-8EE8-20DCA1CCA0AE}"
EndProject
Project("{2150E333-8FDC-42A3-9474-1A3956D46DE8}") = "Security", "Security", "{B82023EA-C193-4F8E-B26C-3E84BA8A7417}"
EndProject
Project("{2150E333-8FDC-42A3-9474-1A3956D46DE8}") = "Issue", "Issue", "{F7CAD6AD-BBBA-40AB-9173-C67C1FA860F6}"
EndProject
Project("{9A19103F-16F7-4668-BE54-9A1E7A4F7556}") = "ToDoList.Issue.Domain", "ToDoList.Issue.Domain\ToDoList.Issue.Domain.csproj", "{E632A2A3-FEE3-4436-BD68-733AAC13B1C7}"
EndProject
Project("{9A19103F-16F7-4668-BE54-9A1E7A4F7556}") = "ToDoList.Issue.Domain.Tests", "ToDoList.Issue.Domain.Tests\ToDoList.Issue.Domain.Tests.csproj", "{9DAAC7D6-4643-4A9A-B0CB-66FAB51A560C}"
EndProject
Project("{9A19103F-16F7-4668-BE54-9A1E7A4F7556}") = "ToDoList.Issue.Application", "ToDoList.Issue.Application\ToDoList.Issue.Application.csproj", "{84E829B4-D42D-4A2E-8499-D8F6371F1A24}"
EndProject
Project("{FAE04EC0-301F-11D3-BF4B-00C04F79EFBC}") = "ToDoList.Issue.Application.Tests", "ToDoList.Issue.Application.Tests\ToDoList.Issue.Application.Tests.csproj", "{1A0BC87B-5EBC-43EC-BB44-207318A86B18}"
EndProject
Project("{9A19103F-16F7-4668-BE54-9A1E7A4F7556}") = "ToDoList.Issue.Infrastructure", "ToDoList.Issue.Infrastructure\ToDoList.Issue.Infrastructure.csproj", "{34FE7499-8189-4426-8183-281B9F59C377}"
EndProject
Project("{9A19103F-16F7-4668-BE54-9A1E7A4F7556}") = "ToDoList.Security.Core", "ToDoList.Security.Core\ToDoList.Security.Core.csproj", "{B8C0B7ED-013A-4BF3-9322-2876FBA98736}"
EndProject
Project("{9A19103F-16F7-4668-BE54-9A1E7A4F7556}") = "ToDoList.Security.Data", "ToDoList.Security.Data\ToDoList.Security.Data.csproj", "{37FEB94E-A7EB-426E-8DB0-41D84B176ACA}"
EndProject
Project("{9A19103F-16F7-4668-BE54-9A1E7A4F7556}") = "ToDoList.Security.Data.Memory", "ToDoList.Security.Data.Memory\ToDoList.Security.Data.Memory.csproj", "{50889B86-BE4D-4328-B661-863FFD3EFBB5}"
EndProject
Project("{2150E333-8FDC-42A3-9474-1A3956D46DE8}") = "Tests", "Tests", "{C1BF7C61-78B8-4AC2-8F71-FE35CC631F8F}"
EndProject
Project("{9A19103F-16F7-4668-BE54-9A1E7A4F7556}") = "ToDoList.Common", "ToDoList.Common\ToDoList.Common.csproj", "{A5145BA9-C57F-46A3-8D50-4519430F8EB9}"
EndProject
Project("{9A19103F-16F7-4668-BE54-9A1E7A4F7556}") = "ToDoList.Web", "ToDoList.Web\ToDoList.Web.csproj", "{692747F1-E81F-40F3-9275-1B22E5C180E6}"
EndProject
Global
	GlobalSection(SolutionConfigurationPlatforms) = preSolution
		Debug|Any CPU = Debug|Any CPU
		Release|Any CPU = Release|Any CPU
	EndGlobalSection
	GlobalSection(ProjectConfigurationPlatforms) = postSolution
		{E632A2A3-FEE3-4436-BD68-733AAC13B1C7}.Debug|Any CPU.ActiveCfg = Debug|Any CPU
		{E632A2A3-FEE3-4436-BD68-733AAC13B1C7}.Debug|Any CPU.Build.0 = Debug|Any CPU
		{E632A2A3-FEE3-4436-BD68-733AAC13B1C7}.Release|Any CPU.ActiveCfg = Release|Any CPU
		{E632A2A3-FEE3-4436-BD68-733AAC13B1C7}.Release|Any CPU.Build.0 = Release|Any CPU
		{9DAAC7D6-4643-4A9A-B0CB-66FAB51A560C}.Debug|Any CPU.ActiveCfg = Debug|Any CPU
		{9DAAC7D6-4643-4A9A-B0CB-66FAB51A560C}.Debug|Any CPU.Build.0 = Debug|Any CPU
		{9DAAC7D6-4643-4A9A-B0CB-66FAB51A560C}.Release|Any CPU.ActiveCfg = Release|Any CPU
		{9DAAC7D6-4643-4A9A-B0CB-66FAB51A560C}.Release|Any CPU.Build.0 = Release|Any CPU
		{84E829B4-D42D-4A2E-8499-D8F6371F1A24}.Debug|Any CPU.ActiveCfg = Debug|Any CPU
		{84E829B4-D42D-4A2E-8499-D8F6371F1A24}.Debug|Any CPU.Build.0 = Debug|Any CPU
		{84E829B4-D42D-4A2E-8499-D8F6371F1A24}.Release|Any CPU.ActiveCfg = Release|Any CPU
		{84E829B4-D42D-4A2E-8499-D8F6371F1A24}.Release|Any CPU.Build.0 = Release|Any CPU
		{1A0BC87B-5EBC-43EC-BB44-207318A86B18}.Debug|Any CPU.ActiveCfg = Debug|Any CPU
		{1A0BC87B-5EBC-43EC-BB44-207318A86B18}.Debug|Any CPU.Build.0 = Debug|Any CPU
		{1A0BC87B-5EBC-43EC-BB44-207318A86B18}.Release|Any CPU.ActiveCfg = Release|Any CPU
		{1A0BC87B-5EBC-43EC-BB44-207318A86B18}.Release|Any CPU.Build.0 = Release|Any CPU
		{34FE7499-8189-4426-8183-281B9F59C377}.Debug|Any CPU.ActiveCfg = Debug|Any CPU
		{34FE7499-8189-4426-8183-281B9F59C377}.Debug|Any CPU.Build.0 = Debug|Any CPU
		{34FE7499-8189-4426-8183-281B9F59C377}.Release|Any CPU.ActiveCfg = Release|Any CPU
		{34FE7499-8189-4426-8183-281B9F59C377}.Release|Any CPU.Build.0 = Release|Any CPU
		{B8C0B7ED-013A-4BF3-9322-2876FBA98736}.Debug|Any CPU.ActiveCfg = Debug|Any CPU
		{B8C0B7ED-013A-4BF3-9322-2876FBA98736}.Debug|Any CPU.Build.0 = Debug|Any CPU
		{B8C0B7ED-013A-4BF3-9322-2876FBA98736}.Release|Any CPU.ActiveCfg = Release|Any CPU
		{B8C0B7ED-013A-4BF3-9322-2876FBA98736}.Release|Any CPU.Build.0 = Release|Any CPU
		{37FEB94E-A7EB-426E-8DB0-41D84B176ACA}.Debug|Any CPU.ActiveCfg = Debug|Any CPU
		{37FEB94E-A7EB-426E-8DB0-41D84B176ACA}.Debug|Any CPU.Build.0 = Debug|Any CPU
		{37FEB94E-A7EB-426E-8DB0-41D84B176ACA}.Release|Any CPU.ActiveCfg = Release|Any CPU
		{37FEB94E-A7EB-426E-8DB0-41D84B176ACA}.Release|Any CPU.Build.0 = Release|Any CPU
		{50889B86-BE4D-4328-B661-863FFD3EFBB5}.Debug|Any CPU.ActiveCfg = Debug|Any CPU
		{50889B86-BE4D-4328-B661-863FFD3EFBB5}.Debug|Any CPU.Build.0 = Debug|Any CPU
		{50889B86-BE4D-4328-B661-863FFD3EFBB5}.Release|Any CPU.ActiveCfg = Release|Any CPU
		{50889B86-BE4D-4328-B661-863FFD3EFBB5}.Release|Any CPU.Build.0 = Release|Any CPU
		{A5145BA9-C57F-46A3-8D50-4519430F8EB9}.Debug|Any CPU.ActiveCfg = Debug|Any CPU
		{A5145BA9-C57F-46A3-8D50-4519430F8EB9}.Debug|Any CPU.Build.0 = Debug|Any CPU
		{A5145BA9-C57F-46A3-8D50-4519430F8EB9}.Release|Any CPU.ActiveCfg = Release|Any CPU
		{A5145BA9-C57F-46A3-8D50-4519430F8EB9}.Release|Any CPU.Build.0 = Release|Any CPU
		{692747F1-E81F-40F3-9275-1B22E5C180E6}.Debug|Any CPU.ActiveCfg = Debug|Any CPU
		{692747F1-E81F-40F3-9275-1B22E5C180E6}.Debug|Any CPU.Build.0 = Debug|Any CPU
		{692747F1-E81F-40F3-9275-1B22E5C180E6}.Release|Any CPU.ActiveCfg = Release|Any CPU
		{692747F1-E81F-40F3-9275-1B22E5C180E6}.Release|Any CPU.Build.0 = Release|Any CPU
	EndGlobalSection
	GlobalSection(SolutionProperties) = preSolution
		HideSolutionNode = FALSE
	EndGlobalSection
	GlobalSection(NestedProjects) = preSolution
		{E632A2A3-FEE3-4436-BD68-733AAC13B1C7} = {F7CAD6AD-BBBA-40AB-9173-C67C1FA860F6}
		{9DAAC7D6-4643-4A9A-B0CB-66FAB51A560C} = {C1BF7C61-78B8-4AC2-8F71-FE35CC631F8F}
		{84E829B4-D42D-4A2E-8499-D8F6371F1A24} = {F7CAD6AD-BBBA-40AB-9173-C67C1FA860F6}
		{1A0BC87B-5EBC-43EC-BB44-207318A86B18} = {C1BF7C61-78B8-4AC2-8F71-FE35CC631F8F}
		{34FE7499-8189-4426-8183-281B9F59C377} = {F7CAD6AD-BBBA-40AB-9173-C67C1FA860F6}
		{B8C0B7ED-013A-4BF3-9322-2876FBA98736} = {B82023EA-C193-4F8E-B26C-3E84BA8A7417}
		{37FEB94E-A7EB-426E-8DB0-41D84B176ACA} = {B82023EA-C193-4F8E-B26C-3E84BA8A7417}
		{50889B86-BE4D-4328-B661-863FFD3EFBB5} = {B82023EA-C193-4F8E-B26C-3E84BA8A7417}
		{C1BF7C61-78B8-4AC2-8F71-FE35CC631F8F} = {F7CAD6AD-BBBA-40AB-9173-C67C1FA860F6}
		{A5145BA9-C57F-46A3-8D50-4519430F8EB9} = {CF08738B-38DF-4720-8EE8-20DCA1CCA0AE}
		{692747F1-E81F-40F3-9275-1B22E5C180E6} = {9C81CC31-92BD-4D34-AB72-FB6A0DA8E56B}
	EndGlobalSection
	GlobalSection(ExtensibilityGlobals) = postSolution
		SolutionGuid = {8FFBB43C-E97F-4340-97EF-B632481EFE7A}
	EndGlobalSection
EndGlobal
